
Microsoft Visual Studio Solution File, Format Version 12.00
# Visual Studio Version 17
VisualStudioVersion = 17.10.35013.160
MinimumVisualStudioVersion = 10.0.40219.1
Project("{778DAE3C-4631-46EA-AA77-85C1314464D9}") = "ep-rect-class", "ep-rect-class\ep-rect-class.vbproj", "{DFE26370-80E5-4671-816D-698AAA5F17D9}"
EndProject
Project("{778DAE3C-4631-46EA-AA77-85C1314464D9}") = "ep-interface", "ep-interface\ep-interface.vbproj", "{4B1438EF-F6CB-440E-8E2E-E7786A76CC62}"
EndProject
Project("{778DAE3C-4631-46EA-AA77-85C1314464D9}") = "ep-inheritance", "ep-inheritance\ep-inheritance.vbproj", "{395AFEC9-F15E-4ABD-86EA-147CC2AB76E9}"
EndProject
Project("{778DAE3C-4631-46EA-AA77-85C1314464D9}") = "ep-multiple-inheritance", "ep-multiple-inheritance\ep-multiple-inheritance.vbproj", "{CF1B19A5-4F8F-416F-8015-6BEE05027C71}"
EndProject
Project("{778DAE3C-4631-46EA-AA77-85C1314464D9}") = "ep-abstract-class", "ep-abstract-class\ep-abstract-class.vbproj", "{E44D8057-532B-4CCE-96DB-315E9CA4521A}"
EndProject
Project("{F184B08F-C81C-45F6-A57F-5ABD9991F28F}") = "ep-implicit-interface", "ep-implicit-interface\ep-implicit-interface.vbproj", "{EA351270-7109-44DA-97CB-C6E5369B6C6F}"
EndProject
Project("{F184B08F-C81C-45F6-A57F-5ABD9991F28F}") = "ep-explicit-interface", "ep-explicit-interface\ep-explicit-interface.vbproj", "{9C77E183-E296-4BAA-9DE9-E71D82D28365}"
EndProject
Project("{F184B08F-C81C-45F6-A57F-5ABD9991F28F}") = "ep-abstract-class-easy", "ep-abstract-class-easy\ep-abstract-class-easy.vbproj", "{1D066276-DD43-4ECD-AD84-C0AEF8D2371C}"
EndProject
Project("{F184B08F-C81C-45F6-A57F-5ABD9991F28F}") = "ep-icloneable", "ep-icloneable\ep-icloneable.vbproj", "{2AA8C234-FED3-4D18-AB68-FFB7ABF262F3}"
EndProject
Project("{F184B08F-C81C-45F6-A57F-5ABD9991F28F}") = "ep-Helper-Owned-Forms", "ep-Helper-Owned-Forms\ep-Helper-Owned-Forms.vbproj", "{C8E222ED-94D6-43DA-8DE4-6F15A5F675BD}"
EndProject
Project("{F184B08F-C81C-45F6-A57F-5ABD9991F28F}") = "ep-ScrollablePictureBoxApp", "ep-ScrollablePictureBoxApp\ep-ScrollablePictureBoxApp.vbproj", "{9462ED54-EC1A-4814-B0B3-58649219E149}"
EndProject
Global
	GlobalSection(SolutionConfigurationPlatforms) = preSolution
		Debug|Any CPU = Debug|Any CPU
		Release|Any CPU = Release|Any CPU
	EndGlobalSection
	GlobalSection(ProjectConfigurationPlatforms) = postSolution
		{DFE26370-80E5-4671-816D-698AAA5F17D9}.Debug|Any CPU.ActiveCfg = Debug|Any CPU
		{DFE26370-80E5-4671-816D-698AAA5F17D9}.Debug|Any CPU.Build.0 = Debug|Any CPU
		{DFE26370-80E5-4671-816D-698AAA5F17D9}.Release|Any CPU.ActiveCfg = Release|Any CPU
		{DFE26370-80E5-4671-816D-698AAA5F17D9}.Release|Any CPU.Build.0 = Release|Any CPU
		{4B1438EF-F6CB-440E-8E2E-E7786A76CC62}.Debug|Any CPU.ActiveCfg = Debug|Any CPU
		{4B1438EF-F6CB-440E-8E2E-E7786A76CC62}.Debug|Any CPU.Build.0 = Debug|Any CPU
		{4B1438EF-F6CB-440E-8E2E-E7786A76CC62}.Release|Any CPU.ActiveCfg = Release|Any CPU
		{4B1438EF-F6CB-440E-8E2E-E7786A76CC62}.Release|Any CPU.Build.0 = Release|Any CPU
		{395AFEC9-F15E-4ABD-86EA-147CC2AB76E9}.Debug|Any CPU.ActiveCfg = Debug|Any CPU
		{395AFEC9-F15E-4ABD-86EA-147CC2AB76E9}.Debug|Any CPU.Build.0 = Debug|Any CPU
		{395AFEC9-F15E-4ABD-86EA-147CC2AB76E9}.Release|Any CPU.ActiveCfg = Release|Any CPU
		{395AFEC9-F15E-4ABD-86EA-147CC2AB76E9}.Release|Any CPU.Build.0 = Release|Any CPU
		{CF1B19A5-4F8F-416F-8015-6BEE05027C71}.Debug|Any CPU.ActiveCfg = Debug|Any CPU
		{CF1B19A5-4F8F-416F-8015-6BEE05027C71}.Debug|Any CPU.Build.0 = Debug|Any CPU
		{CF1B19A5-4F8F-416F-8015-6BEE05027C71}.Release|Any CPU.ActiveCfg = Release|Any CPU
		{CF1B19A5-4F8F-416F-8015-6BEE05027C71}.Release|Any CPU.Build.0 = Release|Any CPU
		{E44D8057-532B-4CCE-96DB-315E9CA4521A}.Debug|Any CPU.ActiveCfg = Debug|Any CPU
		{E44D8057-532B-4CCE-96DB-315E9CA4521A}.Debug|Any CPU.Build.0 = Debug|Any CPU
		{E44D8057-532B-4CCE-96DB-315E9CA4521A}.Release|Any CPU.ActiveCfg = Release|Any CPU
		{E44D8057-532B-4CCE-96DB-315E9CA4521A}.Release|Any CPU.Build.0 = Release|Any CPU
		{EA351270-7109-44DA-97CB-C6E5369B6C6F}.Debug|Any CPU.ActiveCfg = Debug|Any CPU
		{EA351270-7109-44DA-97CB-C6E5369B6C6F}.Debug|Any CPU.Build.0 = Debug|Any CPU
		{EA351270-7109-44DA-97CB-C6E5369B6C6F}.Release|Any CPU.ActiveCfg = Release|Any CPU
		{EA351270-7109-44DA-97CB-C6E5369B6C6F}.Release|Any CPU.Build.0 = Release|Any CPU
		{9C77E183-E296-4BAA-9DE9-E71D82D28365}.Debug|Any CPU.ActiveCfg = Debug|Any CPU
		{9C77E183-E296-4BAA-9DE9-E71D82D28365}.Debug|Any CPU.Build.0 = Debug|Any CPU
		{9C77E183-E296-4BAA-9DE9-E71D82D28365}.Release|Any CPU.ActiveCfg = Release|Any CPU
		{9C77E183-E296-4BAA-9DE9-E71D82D28365}.Release|Any CPU.Build.0 = Release|Any CPU
		{1D066276-DD43-4ECD-AD84-C0AEF8D2371C}.Debug|Any CPU.ActiveCfg = Debug|Any CPU
		{1D066276-DD43-4ECD-AD84-C0AEF8D2371C}.Debug|Any CPU.Build.0 = Debug|Any CPU
		{1D066276-DD43-4ECD-AD84-C0AEF8D2371C}.Release|Any CPU.ActiveCfg = Release|Any CPU
		{1D066276-DD43-4ECD-AD84-C0AEF8D2371C}.Release|Any CPU.Build.0 = Release|Any CPU
		{2AA8C234-FED3-4D18-AB68-FFB7ABF262F3}.Debug|Any CPU.ActiveCfg = Debug|Any CPU
		{2AA8C234-FED3-4D18-AB68-FFB7ABF262F3}.Debug|Any CPU.Build.0 = Debug|Any CPU
		{2AA8C234-FED3-4D18-AB68-FFB7ABF262F3}.Release|Any CPU.ActiveCfg = Release|Any CPU
		{2AA8C234-FED3-4D18-AB68-FFB7ABF262F3}.Release|Any CPU.Build.0 = Release|Any CPU
		{C8E222ED-94D6-43DA-8DE4-6F15A5F675BD}.Debug|Any CPU.ActiveCfg = Debug|Any CPU
		{C8E222ED-94D6-43DA-8DE4-6F15A5F675BD}.Debug|Any CPU.Build.0 = Debug|Any CPU
		{C8E222ED-94D6-43DA-8DE4-6F15A5F675BD}.Release|Any CPU.ActiveCfg = Release|Any CPU
		{C8E222ED-94D6-43DA-8DE4-6F15A5F675BD}.Release|Any CPU.Build.0 = Release|Any CPU
		{9462ED54-EC1A-4814-B0B3-58649219E149}.Debug|Any CPU.ActiveCfg = Debug|Any CPU
		{9462ED54-EC1A-4814-B0B3-58649219E149}.Debug|Any CPU.Build.0 = Debug|Any CPU
		{9462ED54-EC1A-4814-B0B3-58649219E149}.Release|Any CPU.ActiveCfg = Release|Any CPU
		{9462ED54-EC1A-4814-B0B3-58649219E149}.Release|Any CPU.Build.0 = Release|Any CPU
	EndGlobalSection
	GlobalSection(SolutionProperties) = preSolution
		HideSolutionNode = FALSE
	EndGlobalSection
	GlobalSection(ExtensibilityGlobals) = postSolution
		SolutionGuid = {A6FF127E-F088-477B-B136-040B5F33FA48}
	EndGlobalSection
EndGlobal
